
Microsoft Visual Studio Solution File, Format Version 12.00
# Visual Studio Version 17
VisualStudioVersion = 17.1.32319.34
MinimumVisualStudioVersion = 10.0.40219.1
Project("{9A19103F-16F7-4668-BE54-9A1E7A4F7556}") = "cursoC_Sharp", "cursoC_Sharp\cursoC_Sharp.csproj", "{3A009892-2573-4ED8-B1F4-E01807954601}"
EndProject
Project("{9A19103F-16F7-4668-BE54-9A1E7A4F7556}") = "cursoC_Sharp_POO", "POO\cursoC_Sharp_POO.csproj", "{FD965E56-0EE0-4E29-AED8-9FE6ED1D3447}"
EndProject
Project("{9A19103F-16F7-4668-BE54-9A1E7A4F7556}") = "PracticeClassEncapsulationInheritance", "PracticeClassEncapsulationInheritance\PracticeClassEncapsulationInheritance.csproj", "{E5029F28-759F-4960-945D-27102D77F1FE}"
EndProject
Project("{9A19103F-16F7-4668-BE54-9A1E7A4F7556}") = "QuizPOO", "QuizPOO\QuizPOO.csproj", "{13A47C01-353D-4DE7-9748-B90C7C2DD09B}"
EndProject
Project("{9A19103F-16F7-4668-BE54-9A1E7A4F7556}") = "RecordTypeExample", "RecordTypeExample\RecordTypeExample.csproj", "{63C14056-2ED1-42C6-A1E7-9E248FFFD364}"
EndProject
Project("{9A19103F-16F7-4668-BE54-9A1E7A4F7556}") = "Practice_E_SConsole", "Practice_E_SConsole\Practice_E_SConsole.csproj", "{A37A3A62-7482-425B-9B35-6D04FB5DD64D}"
EndProject
Project("{9A19103F-16F7-4668-BE54-9A1E7A4F7556}") = "Threads", "Threads\Threads.csproj", "{EC91AAF7-49D4-4FE2-8863-57B63D9154F6}"
EndProject
Project("{FAE04EC0-301F-11D3-BF4B-00C04F79EFBC}") = "Delegates", "Delegates\Delegates.csproj", "{C6F127FE-5C54-4FEB-A2ED-BD162F7FB2A0}"
EndProject
Global
	GlobalSection(SolutionConfigurationPlatforms) = preSolution
		Debug|Any CPU = Debug|Any CPU
		Release|Any CPU = Release|Any CPU
	EndGlobalSection
	GlobalSection(ProjectConfigurationPlatforms) = postSolution
		{3A009892-2573-4ED8-B1F4-E01807954601}.Debug|Any CPU.ActiveCfg = Debug|Any CPU
		{3A009892-2573-4ED8-B1F4-E01807954601}.Debug|Any CPU.Build.0 = Debug|Any CPU
		{3A009892-2573-4ED8-B1F4-E01807954601}.Release|Any CPU.ActiveCfg = Release|Any CPU
		{3A009892-2573-4ED8-B1F4-E01807954601}.Release|Any CPU.Build.0 = Release|Any CPU
		{FD965E56-0EE0-4E29-AED8-9FE6ED1D3447}.Debug|Any CPU.ActiveCfg = Debug|Any CPU
		{FD965E56-0EE0-4E29-AED8-9FE6ED1D3447}.Debug|Any CPU.Build.0 = Debug|Any CPU
		{FD965E56-0EE0-4E29-AED8-9FE6ED1D3447}.Release|Any CPU.ActiveCfg = Release|Any CPU
		{FD965E56-0EE0-4E29-AED8-9FE6ED1D3447}.Release|Any CPU.Build.0 = Release|Any CPU
		{E5029F28-759F-4960-945D-27102D77F1FE}.Debug|Any CPU.ActiveCfg = Debug|Any CPU
		{E5029F28-759F-4960-945D-27102D77F1FE}.Debug|Any CPU.Build.0 = Debug|Any CPU
		{E5029F28-759F-4960-945D-27102D77F1FE}.Release|Any CPU.ActiveCfg = Release|Any CPU
		{E5029F28-759F-4960-945D-27102D77F1FE}.Release|Any CPU.Build.0 = Release|Any CPU
		{13A47C01-353D-4DE7-9748-B90C7C2DD09B}.Debug|Any CPU.ActiveCfg = Debug|Any CPU
		{13A47C01-353D-4DE7-9748-B90C7C2DD09B}.Debug|Any CPU.Build.0 = Debug|Any CPU
		{13A47C01-353D-4DE7-9748-B90C7C2DD09B}.Release|Any CPU.ActiveCfg = Release|Any CPU
		{13A47C01-353D-4DE7-9748-B90C7C2DD09B}.Release|Any CPU.Build.0 = Release|Any CPU
		{63C14056-2ED1-42C6-A1E7-9E248FFFD364}.Debug|Any CPU.ActiveCfg = Debug|Any CPU
		{63C14056-2ED1-42C6-A1E7-9E248FFFD364}.Debug|Any CPU.Build.0 = Debug|Any CPU
		{63C14056-2ED1-42C6-A1E7-9E248FFFD364}.Release|Any CPU.ActiveCfg = Release|Any CPU
		{63C14056-2ED1-42C6-A1E7-9E248FFFD364}.Release|Any CPU.Build.0 = Release|Any CPU
		{A37A3A62-7482-425B-9B35-6D04FB5DD64D}.Debug|Any CPU.ActiveCfg = Debug|Any CPU
		{A37A3A62-7482-425B-9B35-6D04FB5DD64D}.Debug|Any CPU.Build.0 = Debug|Any CPU
		{A37A3A62-7482-425B-9B35-6D04FB5DD64D}.Release|Any CPU.ActiveCfg = Release|Any CPU
		{A37A3A62-7482-425B-9B35-6D04FB5DD64D}.Release|Any CPU.Build.0 = Release|Any CPU
		{EC91AAF7-49D4-4FE2-8863-57B63D9154F6}.Debug|Any CPU.ActiveCfg = Debug|Any CPU
		{EC91AAF7-49D4-4FE2-8863-57B63D9154F6}.Debug|Any CPU.Build.0 = Debug|Any CPU
		{EC91AAF7-49D4-4FE2-8863-57B63D9154F6}.Release|Any CPU.ActiveCfg = Release|Any CPU
		{EC91AAF7-49D4-4FE2-8863-57B63D9154F6}.Release|Any CPU.Build.0 = Release|Any CPU
		{C6F127FE-5C54-4FEB-A2ED-BD162F7FB2A0}.Debug|Any CPU.ActiveCfg = Debug|Any CPU
		{C6F127FE-5C54-4FEB-A2ED-BD162F7FB2A0}.Debug|Any CPU.Build.0 = Debug|Any CPU
		{C6F127FE-5C54-4FEB-A2ED-BD162F7FB2A0}.Release|Any CPU.ActiveCfg = Release|Any CPU
		{C6F127FE-5C54-4FEB-A2ED-BD162F7FB2A0}.Release|Any CPU.Build.0 = Release|Any CPU
	EndGlobalSection
	GlobalSection(SolutionProperties) = preSolution
		HideSolutionNode = FALSE
	EndGlobalSection
	GlobalSection(ExtensibilityGlobals) = postSolution
		SolutionGuid = {4CEF6874-7026-4200-B820-D90B96744C21}
	EndGlobalSection
EndGlobal
